
Microsoft Visual Studio Solution File, Format Version 12.00
# Visual Studio Version 17
VisualStudioVersion = 17.8.34330.188
MinimumVisualStudioVersion = 10.0.40219.1
Project("{9A19103F-16F7-4668-BE54-9A1E7A4F7556}") = "TaskManager.API", "TaskManager.API\TaskManager.API.csproj", "{7B1BB5C0-6038-49DA-BC8F-D77D56E02679}"
EndProject
Project("{2150E333-8FDC-42A3-9474-1A3956D46DE8}") = "Itens de Solução", "Itens de Solução", "{9641DA68-CD61-4467-B91E-7CE6FE42654D}"
	ProjectSection(SolutionItems) = preProject
		.gitignore = .gitignore
	EndProjectSection
EndProject
Global
	GlobalSection(SolutionConfigurationPlatforms) = preSolution
		Debug|Any CPU = Debug|Any CPU
		Release|Any CPU = Release|Any CPU
	EndGlobalSection
	GlobalSection(ProjectConfigurationPlatforms) = postSolution
		{7B1BB5C0-6038-49DA-BC8F-D77D56E02679}.Debug|Any CPU.ActiveCfg = Debug|Any CPU
		{7B1BB5C0-6038-49DA-BC8F-D77D56E02679}.Debug|Any CPU.Build.0 = Debug|Any CPU
		{7B1BB5C0-6038-49DA-BC8F-D77D56E02679}.Release|Any CPU.ActiveCfg = Release|Any CPU
		{7B1BB5C0-6038-49DA-BC8F-D77D56E02679}.Release|Any CPU.Build.0 = Release|Any CPU
	EndGlobalSection
	GlobalSection(SolutionProperties) = preSolution
		HideSolutionNode = FALSE
	EndGlobalSection
	GlobalSection(ExtensibilityGlobals) = postSolution
		SolutionGuid = {868C4478-69AF-41FB-BFC8-5ECF037012B5}
	EndGlobalSection
EndGlobal
